// !$*UTF8*$!
{
	archiveVersion = 1;
	classes = {
	};
	objectVersion = 48;
	objects = {

/* Begin PBXBuildFile section */
		2F9123032079FFD000C7C520 /* main.m in Sources */ = {isa = PBXBuildFile; fileRef = 2F9123022079FFD000C7C520 /* main.m */; };
		2F91230B207A001000C7C520 /* NSString+sgCount.m in Sources */ = {isa = PBXBuildFile; fileRef = 2F91230A207A001000C7C520 /* NSString+sgCount.m */; };
		2F912313207A009100C7C520 /* ChartsLengthTest.m in Sources */ = {isa = PBXBuildFile; fileRef = 2F912312207A009100C7C520 /* ChartsLengthTest.m */; };
		2F912318207A00A300C7C520 /* NSString+sgCount.m in Sources */ = {isa = PBXBuildFile; fileRef = 2F91230A207A001000C7C520 /* NSString+sgCount.m */; };
/* End PBXBuildFile section */

/* Begin PBXCopyFilesBuildPhase section */
		2F9122FD2079FFD000C7C520 /* CopyFiles */ = {
			isa = PBXCopyFilesBuildPhase;
			buildActionMask = 2147483647;
			dstPath = /usr/share/man/man1/;
			dstSubfolderSpec = 0;
			files = (
			);
			runOnlyForDeploymentPostprocessing = 1;
		};
/* End PBXCopyFilesBuildPhase section */

/* Begin PBXFileReference section */
		2F9122FF2079FFD000C7C520 /* ChartsLength */ = {isa = PBXFileReference; explicitFileType = "compiled.mach-o.executable"; includeInIndex = 0; path = ChartsLength; sourceTree = BUILT_PRODUCTS_DIR; };
		2F9123022079FFD000C7C520 /* main.m */ = {isa = PBXFileReference; lastKnownFileType = sourcecode.c.objc; path = main.m; sourceTree = "<group>"; };
		2F912309207A001000C7C520 /* NSString+sgCount.h */ = {isa = PBXFileReference; lastKnownFileType = sourcecode.c.h; path = "NSString+sgCount.h"; sourceTree = "<group>"; };
		2F91230A207A001000C7C520 /* NSString+sgCount.m */ = {isa = PBXFileReference; lastKnownFileType = sourcecode.c.objc; path = "NSString+sgCount.m"; sourceTree = "<group>"; };
		2F912310207A009100C7C520 /* ChartsLengthTest.xctest */ = {isa = PBXFileReference; explicitFileType = wrapper.cfbundle; includeInIndex = 0; path = ChartsLengthTest.xctest; sourceTree = BUILT_PRODUCTS_DIR; };
		2F912312207A009100C7C520 /* ChartsLengthTest.m */ = {isa = PBXFileReference; lastKnownFileType = sourcecode.c.objc; path = ChartsLengthTest.m; sourceTree = "<group>"; };
		2F912314207A009100C7C520 /* Info.plist */ = {isa = PBXFileReference; lastKnownFileType = text.plist.xml; path = Info.plist; sourceTree = "<group>"; };
/* End PBXFileReference section */

/* Begin PBXFrameworksBuildPhase section */
		2F9122FC2079FFD000C7C520 /* Frameworks */ = {
			isa = PBXFrameworksBuildPhase;
			buildActionMask = 2147483647;
			files = (
			);
			runOnlyForDeploymentPostprocessing = 0;
		};
		2F91230D207A009100C7C520 /* Frameworks */ = {
			isa = PBXFrameworksBuildPhase;
			buildActionMask = 2147483647;
			files = (
			);
			runOnlyForDeploymentPostprocessing = 0;
		};
/* End PBXFrameworksBuildPhase section */

/* Begin PBXGroup section */
		2F9122F62079FFD000C7C520 = {
			isa = PBXGroup;
			children = (
				2F9123012079FFD000C7C520 /* ChartsLength */,
				2F912311207A009100C7C520 /* ChartsLengthTest */,
				2F9123002079FFD000C7C520 /* Products */,
			);
			sourceTree = "<group>";
		};
		2F9123002079FFD000C7C520 /* Products */ = {
			isa = PBXGroup;
			children = (
				2F9122FF2079FFD000C7C520 /* ChartsLength */,
				2F912310207A009100C7C520 /* ChartsLengthTest.xctest */,
			);
			name = Products;
			sourceTree = "<group>";
		};
		2F9123012079FFD000C7C520 /* ChartsLength */ = {
			isa = PBXGroup;
			children = (
				2F9123022079FFD000C7C520 /* main.m */,
				2F912309207A001000C7C520 /* NSString+sgCount.h */,
				2F91230A207A001000C7C520 /* NSString+sgCount.m */,
			);
			path = ChartsLength;
			sourceTree = "<group>";
		};
		2F912311207A009100C7C520 /* ChartsLengthTest */ = {
			isa = PBXGroup;
			children = (
				2F912312207A009100C7C520 /* ChartsLengthTest.m */,
				2F912314207A009100C7C520 /* Info.plist */,
			);
			path = ChartsLengthTest;
			sourceTree = "<group>";
		};
/* End PBXGroup section */

/* Begin PBXNativeTarget section */
		2F9122FE2079FFD000C7C520 /* ChartsLength */ = {
			isa = PBXNativeTarget;
			buildConfigurationList = 2F9123062079FFD000C7C520 /* Build configuration list for PBXNativeTarget "ChartsLength" */;
			buildPhases = (
				2F9122FB2079FFD000C7C520 /* Sources */,
				2F9122FC2079FFD000C7C520 /* Frameworks */,
				2F9122FD2079FFD000C7C520 /* CopyFiles */,
			);
			buildRules = (
			);
			dependencies = (
			);
			name = ChartsLength;
			productName = ChartsLength;
			productReference = 2F9122FF2079FFD000C7C520 /* ChartsLength */;
			productType = "com.apple.product-type.tool";
		};
		2F91230F207A009100C7C520 /* ChartsLengthTest */ = {
			isa = PBXNativeTarget;
			buildConfigurationList = 2F912315207A009100C7C520 /* Build configuration list for PBXNativeTarget "ChartsLengthTest" */;
			buildPhases = (
				2F91230C207A009100C7C520 /* Sources */,
				2F91230D207A009100C7C520 /* Frameworks */,
				2F91230E207A009100C7C520 /* Resources */,
			);
			buildRules = (
			);
			dependencies = (
			);
			name = ChartsLengthTest;
			productName = ChartsLengthTest;
			productReference = 2F912310207A009100C7C520 /* ChartsLengthTest.xctest */;
			productType = "com.apple.product-type.bundle.unit-test";
		};
/* End PBXNativeTarget section */

/* Begin PBXProject section */
		2F9122F72079FFD000C7C520 /* Project object */ = {
			isa = PBXProject;
			attributes = {
				LastUpgradeCheck = 0920;
				ORGANIZATIONNAME = sungrow;
				TargetAttributes = {
					2F9122FE2079FFD000C7C520 = {
						CreatedOnToolsVersion = 9.2;
						LastSwiftMigration = 0920;
						ProvisioningStyle = Automatic;
					};
					2F91230F207A009100C7C520 = {
						CreatedOnToolsVersion = 9.2;
						ProvisioningStyle = Automatic;
					};
				};
			};
			buildConfigurationList = 2F9122FA2079FFD000C7C520 /* Build configuration list for PBXProject "ChartsLength" */;
			compatibilityVersion = "Xcode 8.0";
			developmentRegion = en;
			hasScannedForEncodings = 0;
			knownRegions = (
				en,
			);
			mainGroup = 2F9122F62079FFD000C7C520;
			productRefGroup = 2F9123002079FFD000C7C520 /* Products */;
			projectDirPath = "";
			projectRoot = "";
			targets = (
				2F9122FE2079FFD000C7C520 /* ChartsLength */,
				2F91230F207A009100C7C520 /* ChartsLengthTest */,
			);
		};
/* End PBXProject section */

/* Begin PBXResourcesBuildPhase section */
		2F91230E207A009100C7C520 /* Resources */ = {
			isa = PBXResourcesBuildPhase;
			buildActionMask = 2147483647;
			files = (
			);
			runOnlyForDeploymentPostprocessing = 0;
		};
/* End PBXResourcesBuildPhase section */

/* Begin PBXSourcesBuildPhase section */
		2F9122FB2079FFD000C7C520 /* Sources */ = {
			isa = PBXSourcesBuildPhase;
			buildActionMask = 2147483647;
			files = (
				2F91230B207A001000C7C520 /* NSString+sgCount.m in Sources */,
				2F9123032079FFD000C7C520 /* main.m in Sources */,
			);
			runOnlyForDeploymentPostprocessing = 0;
		};
		2F91230C207A009100C7C520 /* Sources */ = {
			isa = PBXSourcesBuildPhase;
			buildActionMask = 2147483647;
			files = (
				2F912318207A00A300C7C520 /* NSString+sgCount.m in Sources */,
				2F912313207A009100C7C520 /* ChartsLengthTest.m in Sources */,
			);
			runOnlyForDeploymentPostprocessing = 0;
		};
/* End PBXSourcesBuildPhase section */

/* Begin XCBuildConfiguration section */
		2F9123042079FFD000C7C520 /* Debug */ = {
			isa = XCBuildConfiguration;
			buildSettings = {
				ALWAYS_SEARCH_USER_PATHS = NO;
				CLANG_ANALYZER_NONNULL = YES;
				CLANG_ANALYZER_NUMBER_OBJECT_CONVERSION = YES_AGGRESSIVE;
				CLANG_CXX_LANGUAGE_STANDARD = "gnu++14";
				CLANG_CXX_LIBRARY = "libc++";
				CLANG_ENABLE_MODULES = YES;
				CLANG_ENABLE_OBJC_ARC = YES;
				CLANG_WARN_BLOCK_CAPTURE_AUTORELEASING = YES;
				CLANG_WARN_BOOL_CONVERSION = YES;
				CLANG_WARN_COMMA = YES;
				CLANG_WARN_CONSTANT_CONVERSION = YES;
				CLANG_WARN_DIRECT_OBJC_ISA_USAGE = YES_ERROR;
				CLANG_WARN_DOCUMENTATION_COMMENTS = YES;
				CLANG_WARN_EMPTY_BODY = YES;
				CLANG_WARN_ENUM_CONVERSION = YES;
				CLANG_WARN_INFINITE_RECURSION = YES;
				CLANG_WARN_INT_CONVERSION = YES;
				CLANG_WARN_NON_LITERAL_NULL_CONVERSION = YES;
				CLANG_WARN_OBJC_LITERAL_CONVERSION = YES;
				CLANG_WARN_OBJC_ROOT_CLASS = YES_ERROR;
				CLANG_WARN_RANGE_LOOP_ANALYSIS = YES;
				CLANG_WARN_STRICT_PROTOTYPES = YES;
				CLANG_WARN_SUSPICIOUS_MOVE = YES;
				CLANG_WARN_UNGUARDED_AVAILABILITY = YES_AGGRESSIVE;
				CLANG_WARN_UNREACHABLE_CODE = YES;
				CLANG_WARN__DUPLICATE_METHOD_MATCH = YES;
				CODE_SIGN_IDENTITY = "-";
				COPY_PHASE_STRIP = NO;
				DEBUG_INFORMATION_FORMAT = dwarf;
				ENABLE_STRICT_OBJC_MSGSEND = YES;
				ENABLE_TESTABILITY = YES;
				GCC_C_LANGUAGE_STANDARD = gnu11;
				GCC_DYNAMIC_NO_PIC = NO;
				GCC_NO_COMMON_BLOCKS = YES;
				GCC_OPTIMIZATION_LEVEL = 0;
				GCC_PREPROCESSOR_DEFINITIONS = (
					"DEBUG=1",
					"$(inherited)",
				);
				GCC_WARN_64_TO_32_BIT_CONVERSION = YES;
				GCC_WARN_ABOUT_RETURN_TYPE = YES_ERROR;
				GCC_WARN_UNDECLARED_SELECTOR = YES;
				GCC_WARN_UNINITIALIZED_AUTOS = YES_AGGRESSIVE;
				GCC_WARN_UNUSED_FUNCTION = YES;
				GCC_WARN_UNUSED_VARIABLE = YES;
				MACOSX_DEPLOYMENT_TARGET = 10.12;
				MTL_ENABLE_DEBUG_INFO = YES;
				ONLY_ACTIVE_ARCH = YES;
				SDKROOT = macosx;
			};
			name = Debug;
		};
		2F9123052079FFD000C7C520 /* Release */ = {
			isa = XCBuildConfiguration;
			buildSettings = {
				ALWAYS_SEARCH_USER_PATHS = NO;
				CLANG_ANALYZER_NONNULL = YES;
				CLANG_ANALYZER_NUMBER_OBJECT_CONVERSION = YES_AGGRESSIVE;
				CLANG_CXX_LANGUAGE_STANDARD = "gnu++14";
				CLANG_CXX_LIBRARY = "libc++";
				CLANG_ENABLE_MODULES = YES;
				CLANG_ENABLE_OBJC_ARC = YES;
				CLANG_WARN_BLOCK_CAPTURE_AUTORELEASING = YES;
				CLANG_WARN_BOOL_CONVERSION = YES;
				CLANG_WARN_COMMA = YES;
				CLANG_WARN_CONSTANT_CONVERSION = YES;
				CLANG_WARN_DIRECT_OBJC_ISA_USAGE = YES_ERROR;
				CLANG_WARN_DOCUMENTATION_COMMENTS = YES;
				CLANG_WARN_EMPTY_BODY = YES;
				CLANG_WARN_ENUM_CONVERSION = YES;
				CLANG_WARN_INFINITE_RECURSION = YES;
				CLANG_WARN_INT_CONVERSION = YES;
				CLANG_WARN_NON_LITERAL_NULL_CONVERSION = YES;
				CLANG_WARN_OBJC_LITERAL_CONVERSION = YES;
				CLANG_WARN_OBJC_ROOT_CLASS = YES_ERROR;
				CLANG_WARN_RANGE_LOOP_ANALYSIS = YES;
				CLANG_WARN_STRICT_PROTOTYPES = YES;
				CLANG_WARN_SUSPICIOUS_MOVE = YES;
				CLANG_WARN_UNGUARDED_AVAILABILITY = YES_AGGRESSIVE;
				CLANG_WARN_UNREACHABLE_CODE = YES;
				CLANG_WARN__DUPLICATE_METHOD_MATCH = YES;
				CODE_SIGN_IDENTITY = "-";
				COPY_PHASE_STRIP = NO;
				DEBUG_INFORMATION_FORMAT = "dwarf-with-dsym";
				ENABLE_NS_ASSERTIONS = NO;
				ENABLE_STRICT_OBJC_MSGSEND = YES;
				GCC_C_LANGUAGE_STANDARD = gnu11;
				GCC_NO_COMMON_BLOCKS = YES;
				GCC_WARN_64_TO_32_BIT_CONVERSION = YES;
				GCC_WARN_ABOUT_RETURN_TYPE = YES_ERROR;
				GCC_WARN_UNDECLARED_SELECTOR = YES;
				GCC_WARN_UNINITIALIZED_AUTOS = YES_AGGRESSIVE;
				GCC_WARN_UNUSED_FUNCTION = YES;
				GCC_WARN_UNUSED_VARIABLE = YES;
				MACOSX_DEPLOYMENT_TARGET = 10.12;
				MTL_ENABLE_DEBUG_INFO = NO;
				SDKROOT = macosx;
			};
			name = Release;
		};
		2F9123072079FFD000C7C520 /* Debug */ = {
			isa = XCBuildConfiguration;
			buildSettings = {
				CLANG_ENABLE_MODULES = YES;
				CODE_SIGN_STYLE = Automatic;
				LD_RUNPATH_SEARCH_PATHS = "$(inherited) @executable_path/../Frameworks @loader_path/../Frameworks";
				PRODUCT_NAME = "$(TARGET_NAME)";
				SWIFT_OBJC_BRIDGING_HEADER = "ChartsLength/ChartsLength-Bridging-Header.h";
				SWIFT_OPTIMIZATION_LEVEL = "-Onone";
				SWIFT_VERSION = 3.0;
			};
			name = Debug;
		};
		2F9123082079FFD000C7C520 /* Release */ = {
			isa = XCBuildConfiguration;
			buildSettings = {
				CLANG_ENABLE_MODULES = YES;
				CODE_SIGN_STYLE = Automatic;
				LD_RUNPATH_SEARCH_PATHS = "$(inherited) @executable_path/../Frameworks @loader_path/../Frameworks";
				PRODUCT_NAME = "$(TARGET_NAME)";
				SWIFT_OBJC_BRIDGING_HEADER = "ChartsLength/ChartsLength-Bridging-Header.h";
				SWIFT_VERSION = 3.0;
			};
			name = Release;
		};
		2F912316207A009100C7C520 /* Debug */ = {
			isa = XCBuildConfiguration;
			buildSettings = {
				CODE_SIGN_STYLE = Automatic;
				COMBINE_HIDPI_IMAGES = YES;
				INFOPLIST_FILE = ChartsLengthTest/Info.plist;
				LD_RUNPATH_SEARCH_PATHS = "$(inherited) @executable_path/../Frameworks @loader_path/../Frameworks";
				PRODUCT_BUNDLE_IDENTIFIER = com.sungrow.ChartsLengthTest;
				PRODUCT_NAME = "$(TARGET_NAME)";
			};
			name = Debug;
		};
		2F912317207A009100C7C520 /* Release */ = {
			isa = XCBuildConfiguration;
			buildSettings = {
				CODE_SIGN_STYLE = Automatic;
				COMBINE_HIDPI_IMAGES = YES;
				INFOPLIST_FILE = ChartsLengthTest/Info.plist;
				LD_RUNPATH_SEARCH_PATHS = "$(inherited) @executable_path/../Frameworks @loader_path/../Frameworks";
				PRODUCT_BUNDLE_IDENTIFIER = com.sungrow.ChartsLengthTest;
				PRODUCT_NAME = "$(TARGET_NAME)";
			};
			name = Release;
		};
/* End XCBuildConfiguration section */

/* Begin XCConfigurationList section */
		2F9122FA2079FFD000C7C520 /* Build configuration list for PBXProject "ChartsLength" */ = {
			isa = XCConfigurationList;
			buildConfigurations = (
				2F9123042079FFD000C7C520 /* Debug */,
				2F9123052079FFD000C7C520 /* Release */,
			);
			defaultConfigurationIsVisible = 0;
			defaultConfigurationName = Release;
		};
		2F9123062079FFD000C7C520 /* Build configuration list for PBXNativeTarget "ChartsLength" */ = {
			isa = XCConfigurationList;
			buildConfigurations = (
				2F9123072079FFD000C7C520 /* Debug */,
				2F9123082079FFD000C7C520 /* Release */,
			);
			defaultConfigurationIsVisible = 0;
			defaultConfigurationName = Release;
		};
		2F912315207A009100C7C520 /* Build configuration list for PBXNativeTarget "ChartsLengthTest" */ = {
			isa = XCConfigurationList;
			buildConfigurations = (
				2F912316207A009100C7C520 /* Debug */,
				2F912317207A009100C7C520 /* Release */,
			);
			defaultConfigurationIsVisible = 0;
			defaultConfigurationName = Release;
		};
/* End XCConfigurationList section */
	};
	rootObject = 2F9122F72079FFD000C7C520 /* Project object */;
}
